
Microsoft Visual Studio Solution File, Format Version 12.00
# Visual Studio Version 16
VisualStudioVersion = 16.0.29424.173
MinimumVisualStudioVersion = 10.0.40219.1
Project("{FAE04EC0-301F-11D3-BF4B-00C04F79EFBC}") = "ClearMemory", "ClearMemory.csproj", "{D80CB93F-38DE-4234-82B6-3488730F6DED}"
EndProject
Global
	GlobalSection(SolutionConfigurationPlatforms) = preSolution
		Debug|Any CPU = Debug|Any CPU
		Release|Any CPU = Release|Any CPU
	EndGlobalSection
	GlobalSection(ProjectConfigurationPlatforms) = postSolution
		{D80CB93F-38DE-4234-82B6-3488730F6DED}.Debug|Any CPU.ActiveCfg = Debug|Any CPU
		{D80CB93F-38DE-4234-82B6-3488730F6DED}.Debug|Any CPU.Build.0 = Debug|Any CPU
		{D80CB93F-38DE-4234-82B6-3488730F6DED}.Release|Any CPU.ActiveCfg = Release|Any CPU
		{D80CB93F-38DE-4234-82B6-3488730F6DED}.Release|Any CPU.Build.0 = Release|Any CPU
	EndGlobalSection
	GlobalSection(SolutionProperties) = preSolution
		HideSolutionNode = FALSE
	EndGlobalSection
	GlobalSection(ExtensibilityGlobals) = postSolution
		SolutionGuid = {9F6F4A5C-BCF3-4899-AEF8-344CC7ECE353}
	EndGlobalSection
EndGlobal
